// !$*UTF8*$!
{
	archiveVersion = 1;
	classes = {
	};
	objectVersion = 56;
	objects = {

/* Begin PBXBuildFile section */
		04CF0D0D2762F681F000B219 /* Pods_desafioTests.framework in Frameworks */ = {isa = PBXBuildFile; fileRef = 5C1084F029890A9469696FE4 /* Pods_desafioTests.framework */; };
		250BB5222A61B355002C4113 /* ComicItem.swift in Sources */ = {isa = PBXBuildFile; fileRef = 250BB5212A61B355002C4113 /* ComicItem.swift */; };
		25D16DB42A60B68D00B585E1 /* AppDelegate.swift in Sources */ = {isa = PBXBuildFile; fileRef = 25D16DB32A60B68D00B585E1 /* AppDelegate.swift */; };
		25D16DB62A60B68D00B585E1 /* SceneDelegate.swift in Sources */ = {isa = PBXBuildFile; fileRef = 25D16DB52A60B68D00B585E1 /* SceneDelegate.swift */; };
		25D16DBD2A60B69000B585E1 /* Assets.xcassets in Resources */ = {isa = PBXBuildFile; fileRef = 25D16DBC2A60B69000B585E1 /* Assets.xcassets */; };
		25D16DC02A60B69000B585E1 /* LaunchScreen.storyboard in Resources */ = {isa = PBXBuildFile; fileRef = 25D16DBE2A60B69000B585E1 /* LaunchScreen.storyboard */; };
		25D16DCB2A60B69100B585E1 /* desafioTests.swift in Sources */ = {isa = PBXBuildFile; fileRef = 25D16DCA2A60B69100B585E1 /* desafioTests.swift */; };
		25D16DD52A60B69100B585E1 /* desafioUITests.swift in Sources */ = {isa = PBXBuildFile; fileRef = 25D16DD42A60B69100B585E1 /* desafioUITests.swift */; };
		25D16DD72A60B69100B585E1 /* desafioUITestsLaunchTests.swift in Sources */ = {isa = PBXBuildFile; fileRef = 25D16DD62A60B69100B585E1 /* desafioUITestsLaunchTests.swift */; };
		4BF85A00B512B6BF9141D3E7 /* Pods_desafio.framework in Frameworks */ = {isa = PBXBuildFile; fileRef = 992090E30FA04DC004A5C17A /* Pods_desafio.framework */; };
		4C0F438F2A735A8C00704648 /* HomeViewController.swift in Sources */ = {isa = PBXBuildFile; fileRef = 4C0F438E2A735A8C00704648 /* HomeViewController.swift */; };
		4C0F43912A735BAF00704648 /* HomeView.swift in Sources */ = {isa = PBXBuildFile; fileRef = 4C0F43902A735BAF00704648 /* HomeView.swift */; };
		4C0F43952A735C0F00704648 /* BaseView.swift in Sources */ = {isa = PBXBuildFile; fileRef = 4C0F43942A735C0F00704648 /* BaseView.swift */; };
		4C0F43972A735C9700704648 /* HasCustomView.swift in Sources */ = {isa = PBXBuildFile; fileRef = 4C0F43962A735C9700704648 /* HasCustomView.swift */; };
		4C0F439A2A735D2100704648 /* HomeViewModel.swift in Sources */ = {isa = PBXBuildFile; fileRef = 4C0F43992A735D2100704648 /* HomeViewModel.swift */; };
		4C69F40E2A772F730075754A /* NetworkManager.swift in Sources */ = {isa = PBXBuildFile; fileRef = 4C69F40D2A772F730075754A /* NetworkManager.swift */; };
		4C69F4122A772FF30075754A /* ComicRepository.swift in Sources */ = {isa = PBXBuildFile; fileRef = 4C69F4112A772FF30075754A /* ComicRepository.swift */; };
		4C69F4162A7731980075754A /* NetworkErrors.swift in Sources */ = {isa = PBXBuildFile; fileRef = 4C69F4152A7731980075754A /* NetworkErrors.swift */; };
		4C69F4182A7731F70075754A /* ErrorResponse.swift in Sources */ = {isa = PBXBuildFile; fileRef = 4C69F4172A7731F70075754A /* ErrorResponse.swift */; };
		4C69F41B2A7734B30075754A /* ComicDetailView.swift in Sources */ = {isa = PBXBuildFile; fileRef = 4C69F41A2A7734B30075754A /* ComicDetailView.swift */; };
		4C69F41D2A7734BB0075754A /* ComicDetailViewController.swift in Sources */ = {isa = PBXBuildFile; fileRef = 4C69F41C2A7734BB0075754A /* ComicDetailViewController.swift */; };
		4C69F4202A774E3F0075754A /* ApiConstants.swift in Sources */ = {isa = PBXBuildFile; fileRef = 4C69F41F2A774E3F0075754A /* ApiConstants.swift */; };
		4C69F4232A77549A0075754A /* ComicsRequest.swift in Sources */ = {isa = PBXBuildFile; fileRef = 4C69F4222A77549A0075754A /* ComicsRequest.swift */; };
		4C9ECF502A74A3760040E1ED /* ComicTableViewCell.swift in Sources */ = {isa = PBXBuildFile; fileRef = 4C9ECF4F2A74A3760040E1ED /* ComicTableViewCell.swift */; };
		4C9ECF532A74A3D20040E1ED /* CustomTableViewCell.swift in Sources */ = {isa = PBXBuildFile; fileRef = 4C9ECF522A74A3D20040E1ED /* CustomTableViewCell.swift */; };
		4C9ECF572A74A9170040E1ED /* BaseViewModel.swift in Sources */ = {isa = PBXBuildFile; fileRef = 4C9ECF562A74A9170040E1ED /* BaseViewModel.swift */; };
		4C9ECF592A74ACAE0040E1ED /* CustomUIViewController.swift in Sources */ = {isa = PBXBuildFile; fileRef = 4C9ECF582A74ACAE0040E1ED /* CustomUIViewController.swift */; };
		C54A43A23234D026A4E6BD29 /* Pods_desafio_desafioUITests.framework in Frameworks */ = {isa = PBXBuildFile; fileRef = BD0C11B67E8FEA1A15693C59 /* Pods_desafio_desafioUITests.framework */; };
/* End PBXBuildFile section */

/* Begin PBXContainerItemProxy section */
		25D16DC72A60B69100B585E1 /* PBXContainerItemProxy */ = {
			isa = PBXContainerItemProxy;
			containerPortal = 25D16DA82A60B68D00B585E1 /* Project object */;
			proxyType = 1;
			remoteGlobalIDString = 25D16DAF2A60B68D00B585E1;
			remoteInfo = desafio;
		};
		25D16DD12A60B69100B585E1 /* PBXContainerItemProxy */ = {
			isa = PBXContainerItemProxy;
			containerPortal = 25D16DA82A60B68D00B585E1 /* Project object */;
			proxyType = 1;
			remoteGlobalIDString = 25D16DAF2A60B68D00B585E1;
			remoteInfo = desafio;
		};
/* End PBXContainerItemProxy section */

/* Begin PBXFileReference section */
		250BB5212A61B355002C4113 /* ComicItem.swift */ = {isa = PBXFileReference; lastKnownFileType = sourcecode.swift; path = ComicItem.swift; sourceTree = "<group>"; };
		25D16DB02A60B68D00B585E1 /* desafio.app */ = {isa = PBXFileReference; explicitFileType = wrapper.application; includeInIndex = 0; path = desafio.app; sourceTree = BUILT_PRODUCTS_DIR; };
		25D16DB32A60B68D00B585E1 /* AppDelegate.swift */ = {isa = PBXFileReference; lastKnownFileType = sourcecode.swift; path = AppDelegate.swift; sourceTree = "<group>"; };
		25D16DB52A60B68D00B585E1 /* SceneDelegate.swift */ = {isa = PBXFileReference; lastKnownFileType = sourcecode.swift; path = SceneDelegate.swift; sourceTree = "<group>"; };
		25D16DBC2A60B69000B585E1 /* Assets.xcassets */ = {isa = PBXFileReference; lastKnownFileType = folder.assetcatalog; path = Assets.xcassets; sourceTree = "<group>"; };
		25D16DBF2A60B69000B585E1 /* Base */ = {isa = PBXFileReference; lastKnownFileType = file.storyboard; name = Base; path = Base.lproj/LaunchScreen.storyboard; sourceTree = "<group>"; };
		25D16DC12A60B69000B585E1 /* Info.plist */ = {isa = PBXFileReference; lastKnownFileType = text.plist.xml; path = Info.plist; sourceTree = "<group>"; };
		25D16DC62A60B69100B585E1 /* desafioTests.xctest */ = {isa = PBXFileReference; explicitFileType = wrapper.cfbundle; includeInIndex = 0; path = desafioTests.xctest; sourceTree = BUILT_PRODUCTS_DIR; };
		25D16DCA2A60B69100B585E1 /* desafioTests.swift */ = {isa = PBXFileReference; lastKnownFileType = sourcecode.swift; path = desafioTests.swift; sourceTree = "<group>"; };
		25D16DD02A60B69100B585E1 /* desafioUITests.xctest */ = {isa = PBXFileReference; explicitFileType = wrapper.cfbundle; includeInIndex = 0; path = desafioUITests.xctest; sourceTree = BUILT_PRODUCTS_DIR; };
		25D16DD42A60B69100B585E1 /* desafioUITests.swift */ = {isa = PBXFileReference; lastKnownFileType = sourcecode.swift; path = desafioUITests.swift; sourceTree = "<group>"; };
		25D16DD62A60B69100B585E1 /* desafioUITestsLaunchTests.swift */ = {isa = PBXFileReference; lastKnownFileType = sourcecode.swift; path = desafioUITestsLaunchTests.swift; sourceTree = "<group>"; };
		30157792752E6C7B83CF35B4 /* Pods-desafio.release.xcconfig */ = {isa = PBXFileReference; includeInIndex = 1; lastKnownFileType = text.xcconfig; name = "Pods-desafio.release.xcconfig"; path = "Target Support Files/Pods-desafio/Pods-desafio.release.xcconfig"; sourceTree = "<group>"; };
		341DBBE907A79E978D7732FB /* Pods-desafioTests.release.xcconfig */ = {isa = PBXFileReference; includeInIndex = 1; lastKnownFileType = text.xcconfig; name = "Pods-desafioTests.release.xcconfig"; path = "Target Support Files/Pods-desafioTests/Pods-desafioTests.release.xcconfig"; sourceTree = "<group>"; };
		4C0F438E2A735A8C00704648 /* HomeViewController.swift */ = {isa = PBXFileReference; lastKnownFileType = sourcecode.swift; path = HomeViewController.swift; sourceTree = "<group>"; };
		4C0F43902A735BAF00704648 /* HomeView.swift */ = {isa = PBXFileReference; lastKnownFileType = sourcecode.swift; path = HomeView.swift; sourceTree = "<group>"; };
		4C0F43942A735C0F00704648 /* BaseView.swift */ = {isa = PBXFileReference; lastKnownFileType = sourcecode.swift; path = BaseView.swift; sourceTree = "<group>"; };
		4C0F43962A735C9700704648 /* HasCustomView.swift */ = {isa = PBXFileReference; lastKnownFileType = sourcecode.swift; path = HasCustomView.swift; sourceTree = "<group>"; };
		4C0F43992A735D2100704648 /* HomeViewModel.swift */ = {isa = PBXFileReference; lastKnownFileType = sourcecode.swift; path = HomeViewModel.swift; sourceTree = "<group>"; };
		4C69F40D2A772F730075754A /* NetworkManager.swift */ = {isa = PBXFileReference; lastKnownFileType = sourcecode.swift; path = NetworkManager.swift; sourceTree = "<group>"; };
		4C69F4112A772FF30075754A /* ComicRepository.swift */ = {isa = PBXFileReference; lastKnownFileType = sourcecode.swift; path = ComicRepository.swift; sourceTree = "<group>"; };
		4C69F4152A7731980075754A /* NetworkErrors.swift */ = {isa = PBXFileReference; lastKnownFileType = sourcecode.swift; path = NetworkErrors.swift; sourceTree = "<group>"; };
		4C69F4172A7731F70075754A /* ErrorResponse.swift */ = {isa = PBXFileReference; lastKnownFileType = sourcecode.swift; path = ErrorResponse.swift; sourceTree = "<group>"; };
		4C69F41A2A7734B30075754A /* ComicDetailView.swift */ = {isa = PBXFileReference; lastKnownFileType = sourcecode.swift; path = ComicDetailView.swift; sourceTree = "<group>"; };
		4C69F41C2A7734BB0075754A /* ComicDetailViewController.swift */ = {isa = PBXFileReference; lastKnownFileType = sourcecode.swift; path = ComicDetailViewController.swift; sourceTree = "<group>"; };
		4C69F41F2A774E3F0075754A /* ApiConstants.swift */ = {isa = PBXFileReference; lastKnownFileType = sourcecode.swift; path = ApiConstants.swift; sourceTree = "<group>"; };
		4C69F4222A77549A0075754A /* ComicsRequest.swift */ = {isa = PBXFileReference; lastKnownFileType = sourcecode.swift; path = ComicsRequest.swift; sourceTree = "<group>"; };
		4C9ECF4F2A74A3760040E1ED /* ComicTableViewCell.swift */ = {isa = PBXFileReference; lastKnownFileType = sourcecode.swift; path = ComicTableViewCell.swift; sourceTree = "<group>"; };
		4C9ECF522A74A3D20040E1ED /* CustomTableViewCell.swift */ = {isa = PBXFileReference; lastKnownFileType = sourcecode.swift; path = CustomTableViewCell.swift; sourceTree = "<group>"; };
		4C9ECF562A74A9170040E1ED /* BaseViewModel.swift */ = {isa = PBXFileReference; lastKnownFileType = sourcecode.swift; path = BaseViewModel.swift; sourceTree = "<group>"; };
		4C9ECF582A74ACAE0040E1ED /* CustomUIViewController.swift */ = {isa = PBXFileReference; lastKnownFileType = sourcecode.swift; path = CustomUIViewController.swift; sourceTree = "<group>"; };
		5C1084F029890A9469696FE4 /* Pods_desafioTests.framework */ = {isa = PBXFileReference; explicitFileType = wrapper.framework; includeInIndex = 0; path = Pods_desafioTests.framework; sourceTree = BUILT_PRODUCTS_DIR; };
		7011B0C3651ACA285DD12FD3 /* Pods-desafio.debug.xcconfig */ = {isa = PBXFileReference; includeInIndex = 1; lastKnownFileType = text.xcconfig; name = "Pods-desafio.debug.xcconfig"; path = "Target Support Files/Pods-desafio/Pods-desafio.debug.xcconfig"; sourceTree = "<group>"; };
		7E2A9FE256255DCAE959EB03 /* Pods-desafio-desafioUITests.debug.xcconfig */ = {isa = PBXFileReference; includeInIndex = 1; lastKnownFileType = text.xcconfig; name = "Pods-desafio-desafioUITests.debug.xcconfig"; path = "Target Support Files/Pods-desafio-desafioUITests/Pods-desafio-desafioUITests.debug.xcconfig"; sourceTree = "<group>"; };
		992090E30FA04DC004A5C17A /* Pods_desafio.framework */ = {isa = PBXFileReference; explicitFileType = wrapper.framework; includeInIndex = 0; path = Pods_desafio.framework; sourceTree = BUILT_PRODUCTS_DIR; };
		BD0C11B67E8FEA1A15693C59 /* Pods_desafio_desafioUITests.framework */ = {isa = PBXFileReference; explicitFileType = wrapper.framework; includeInIndex = 0; path = Pods_desafio_desafioUITests.framework; sourceTree = BUILT_PRODUCTS_DIR; };
		CC711E0B32EF1D4108E6794F /* Pods-desafio-desafioUITests.release.xcconfig */ = {isa = PBXFileReference; includeInIndex = 1; lastKnownFileType = text.xcconfig; name = "Pods-desafio-desafioUITests.release.xcconfig"; path = "Target Support Files/Pods-desafio-desafioUITests/Pods-desafio-desafioUITests.release.xcconfig"; sourceTree = "<group>"; };
		D795883C129CD5833FD7B7F8 /* Pods-desafioTests.debug.xcconfig */ = {isa = PBXFileReference; includeInIndex = 1; lastKnownFileType = text.xcconfig; name = "Pods-desafioTests.debug.xcconfig"; path = "Target Support Files/Pods-desafioTests/Pods-desafioTests.debug.xcconfig"; sourceTree = "<group>"; };
/* End PBXFileReference section */

/* Begin PBXFrameworksBuildPhase section */
		25D16DAD2A60B68D00B585E1 /* Frameworks */ = {
			isa = PBXFrameworksBuildPhase;
			buildActionMask = 2147483647;
			files = (
				4BF85A00B512B6BF9141D3E7 /* Pods_desafio.framework in Frameworks */,
			);
			runOnlyForDeploymentPostprocessing = 0;
		};
		25D16DC32A60B69100B585E1 /* Frameworks */ = {
			isa = PBXFrameworksBuildPhase;
			buildActionMask = 2147483647;
			files = (
				04CF0D0D2762F681F000B219 /* Pods_desafioTests.framework in Frameworks */,
			);
			runOnlyForDeploymentPostprocessing = 0;
		};
		25D16DCD2A60B69100B585E1 /* Frameworks */ = {
			isa = PBXFrameworksBuildPhase;
			buildActionMask = 2147483647;
			files = (
				C54A43A23234D026A4E6BD29 /* Pods_desafio_desafioUITests.framework in Frameworks */,
			);
			runOnlyForDeploymentPostprocessing = 0;
		};
/* End PBXFrameworksBuildPhase section */

/* Begin PBXGroup section */
		25D16DA72A60B68D00B585E1 = {
			isa = PBXGroup;
			children = (
				25D16DB22A60B68D00B585E1 /* desafio */,
				25D16DC92A60B69100B585E1 /* desafioTests */,
				25D16DD32A60B69100B585E1 /* desafioUITests */,
				25D16DB12A60B68D00B585E1 /* Products */,
				888F3FCA6F17A3F14BC128AA /* Pods */,
				FCDF32B9E95DD0B92FEC792D /* Frameworks */,
			);
			sourceTree = "<group>";
		};
		25D16DB12A60B68D00B585E1 /* Products */ = {
			isa = PBXGroup;
			children = (
				25D16DB02A60B68D00B585E1 /* desafio.app */,
				25D16DC62A60B69100B585E1 /* desafioTests.xctest */,
				25D16DD02A60B69100B585E1 /* desafioUITests.xctest */,
			);
			name = Products;
			sourceTree = "<group>";
		};
		25D16DB22A60B68D00B585E1 /* desafio */ = {
			isa = PBXGroup;
			children = (
				4C69F40C2A772F4C0075754A /* Network */,
				4C0F43922A735BEB00704648 /* Comuns */,
				4C0F438B2A73596F00704648 /* App */,
				4C0F438A2A73596B00704648 /* Resources */,
				4C0F43882A73593300704648 /* Scenes */,
			);
			path = desafio;
			sourceTree = "<group>";
		};
		25D16DC92A60B69100B585E1 /* desafioTests */ = {
			isa = PBXGroup;
			children = (
				25D16DCA2A60B69100B585E1 /* desafioTests.swift */,
			);
			path = desafioTests;
			sourceTree = "<group>";
		};
		25D16DD32A60B69100B585E1 /* desafioUITests */ = {
			isa = PBXGroup;
			children = (
				25D16DD42A60B69100B585E1 /* desafioUITests.swift */,
				25D16DD62A60B69100B585E1 /* desafioUITestsLaunchTests.swift */,
			);
			path = desafioUITests;
			sourceTree = "<group>";
		};
		4C0F43882A73593300704648 /* Scenes */ = {
			isa = PBXGroup;
			children = (
				4C69F4192A7732690075754A /* ComicDetail */,
				4C0F43892A73595B00704648 /* Home */,
			);
			path = Scenes;
			sourceTree = "<group>";
		};
		4C0F43892A73595B00704648 /* Home */ = {
			isa = PBXGroup;
			children = (
				4C0F43982A735D1200704648 /* Cell */,
				4C0F438E2A735A8C00704648 /* HomeViewController.swift */,
				4C0F43992A735D2100704648 /* HomeViewModel.swift */,
				4C0F43902A735BAF00704648 /* HomeView.swift */,
			);
			path = Home;
			sourceTree = "<group>";
		};
		4C0F438A2A73596B00704648 /* Resources */ = {
			isa = PBXGroup;
			children = (
				25D16DC12A60B69000B585E1 /* Info.plist */,
				25D16DBC2A60B69000B585E1 /* Assets.xcassets */,
			);
			path = Resources;
			sourceTree = "<group>";
		};
		4C0F438B2A73596F00704648 /* App */ = {
			isa = PBXGroup;
			children = (
				4C69F41E2A774E140075754A /* ApiConstants */,
				25D16DB32A60B68D00B585E1 /* AppDelegate.swift */,
				25D16DB52A60B68D00B585E1 /* SceneDelegate.swift */,
				25D16DBE2A60B69000B585E1 /* LaunchScreen.storyboard */,
			);
			path = App;
			sourceTree = "<group>";
		};
		4C0F43922A735BEB00704648 /* Comuns */ = {
			isa = PBXGroup;
			children = (
				4C69F4132A7731830075754A /* Models */,
				4C9ECF512A74A3B90040E1ED /* Extensions */,
				4C0F43932A735BF200704648 /* Base */,
			);
			path = Comuns;
			sourceTree = "<group>";
		};
		4C0F43932A735BF200704648 /* Base */ = {
			isa = PBXGroup;
			children = (
				4C0F43942A735C0F00704648 /* BaseView.swift */,
				4C0F43962A735C9700704648 /* HasCustomView.swift */,
				4C9ECF562A74A9170040E1ED /* BaseViewModel.swift */,
			);
			path = Base;
			sourceTree = "<group>";
		};
		4C0F43982A735D1200704648 /* Cell */ = {
			isa = PBXGroup;
			children = (
				4C9ECF4F2A74A3760040E1ED /* ComicTableViewCell.swift */,
			);
			path = Cell;
			sourceTree = "<group>";
		};
		4C69F40C2A772F4C0075754A /* Network */ = {
			isa = PBXGroup;
			children = (
				4C69F4212A7750760075754A /* Base */,
				4C69F40F2A772FCF0075754A /* Repositories */,
			);
			path = Network;
			sourceTree = "<group>";
		};
		4C69F40F2A772FCF0075754A /* Repositories */ = {
			isa = PBXGroup;
			children = (
				4C69F4102A772FD80075754A /* Home */,
			);
			path = Repositories;
			sourceTree = "<group>";
		};
		4C69F4102A772FD80075754A /* Home */ = {
			isa = PBXGroup;
			children = (
				4C69F4112A772FF30075754A /* ComicRepository.swift */,
			);
			path = Home;
			sourceTree = "<group>";
		};
		4C69F4132A7731830075754A /* Models */ = {
			isa = PBXGroup;
			children = (
				4C69F4142A7731890075754A /* Enums */,
				250BB5212A61B355002C4113 /* ComicItem.swift */,
				4C69F4172A7731F70075754A /* ErrorResponse.swift */,
				4C69F4222A77549A0075754A /* ComicsRequest.swift */,
			);
			path = Models;
			sourceTree = "<group>";
		};
		4C69F4142A7731890075754A /* Enums */ = {
			isa = PBXGroup;
			children = (
				4C69F4152A7731980075754A /* NetworkErrors.swift */,
			);
			path = Enums;
			sourceTree = "<group>";
		};
		4C69F4192A7732690075754A /* ComicDetail */ = {
			isa = PBXGroup;
			children = (
				4C69F41A2A7734B30075754A /* ComicDetailView.swift */,
				4C69F41C2A7734BB0075754A /* ComicDetailViewController.swift */,
			);
			path = ComicDetail;
			sourceTree = "<group>";
		};
		4C69F41E2A774E140075754A /* ApiConstants */ = {
			isa = PBXGroup;
			children = (
				4C69F41F2A774E3F0075754A /* ApiConstants.swift */,
			);
			path = ApiConstants;
			sourceTree = "<group>";
		};
		4C69F4212A7750760075754A /* Base */ = {
			isa = PBXGroup;
			children = (
				4C69F40D2A772F730075754A /* NetworkManager.swift */,
			);
			path = Base;
			sourceTree = "<group>";
		};
		4C9ECF512A74A3B90040E1ED /* Extensions */ = {
			isa = PBXGroup;
			children = (
				4C9ECF522A74A3D20040E1ED /* CustomTableViewCell.swift */,
				4C9ECF582A74ACAE0040E1ED /* CustomUIViewController.swift */,
			);
			path = Extensions;
			sourceTree = "<group>";
		};
		888F3FCA6F17A3F14BC128AA /* Pods */ = {
			isa = PBXGroup;
			children = (
				7011B0C3651ACA285DD12FD3 /* Pods-desafio.debug.xcconfig */,
				30157792752E6C7B83CF35B4 /* Pods-desafio.release.xcconfig */,
				7E2A9FE256255DCAE959EB03 /* Pods-desafio-desafioUITests.debug.xcconfig */,
				CC711E0B32EF1D4108E6794F /* Pods-desafio-desafioUITests.release.xcconfig */,
				D795883C129CD5833FD7B7F8 /* Pods-desafioTests.debug.xcconfig */,
				341DBBE907A79E978D7732FB /* Pods-desafioTests.release.xcconfig */,
			);
			path = Pods;
			sourceTree = "<group>";
		};
		FCDF32B9E95DD0B92FEC792D /* Frameworks */ = {
			isa = PBXGroup;
			children = (
				992090E30FA04DC004A5C17A /* Pods_desafio.framework */,
				BD0C11B67E8FEA1A15693C59 /* Pods_desafio_desafioUITests.framework */,
				5C1084F029890A9469696FE4 /* Pods_desafioTests.framework */,
			);
			name = Frameworks;
			sourceTree = "<group>";
		};
/* End PBXGroup section */

/* Begin PBXNativeTarget section */
		25D16DAF2A60B68D00B585E1 /* desafio */ = {
			isa = PBXNativeTarget;
			buildConfigurationList = 25D16DDA2A60B69100B585E1 /* Build configuration list for PBXNativeTarget "desafio" */;
			buildPhases = (
				FA9D5A1D84C85AB916B6C7E5 /* [CP] Check Pods Manifest.lock */,
				25D16DAC2A60B68D00B585E1 /* Sources */,
				25D16DAD2A60B68D00B585E1 /* Frameworks */,
				25D16DAE2A60B68D00B585E1 /* Resources */,
				BFDEA9856D435C9EAFAF3D7E /* [CP] Embed Pods Frameworks */,
			);
			buildRules = (
			);
			dependencies = (
			);
			name = desafio;
			productName = desafio;
			productReference = 25D16DB02A60B68D00B585E1 /* desafio.app */;
			productType = "com.apple.product-type.application";
		};
		25D16DC52A60B69100B585E1 /* desafioTests */ = {
			isa = PBXNativeTarget;
			buildConfigurationList = 25D16DDD2A60B69100B585E1 /* Build configuration list for PBXNativeTarget "desafioTests" */;
			buildPhases = (
				AE9B7D18A8DA8A04A1B77483 /* [CP] Check Pods Manifest.lock */,
				25D16DC22A60B69100B585E1 /* Sources */,
				25D16DC32A60B69100B585E1 /* Frameworks */,
				25D16DC42A60B69100B585E1 /* Resources */,
			);
			buildRules = (
			);
			dependencies = (
				25D16DC82A60B69100B585E1 /* PBXTargetDependency */,
			);
			name = desafioTests;
			productName = desafioTests;
			productReference = 25D16DC62A60B69100B585E1 /* desafioTests.xctest */;
			productType = "com.apple.product-type.bundle.unit-test";
		};
		25D16DCF2A60B69100B585E1 /* desafioUITests */ = {
			isa = PBXNativeTarget;
			buildConfigurationList = 25D16DE02A60B69100B585E1 /* Build configuration list for PBXNativeTarget "desafioUITests" */;
			buildPhases = (
				F56BE0D7D48B6A11D49E74FA /* [CP] Check Pods Manifest.lock */,
				25D16DCC2A60B69100B585E1 /* Sources */,
				25D16DCD2A60B69100B585E1 /* Frameworks */,
				25D16DCE2A60B69100B585E1 /* Resources */,
				10AFBBDCCA2E89ED0A55F81D /* [CP] Embed Pods Frameworks */,
			);
			buildRules = (
			);
			dependencies = (
				25D16DD22A60B69100B585E1 /* PBXTargetDependency */,
			);
			name = desafioUITests;
			productName = desafioUITests;
			productReference = 25D16DD02A60B69100B585E1 /* desafioUITests.xctest */;
			productType = "com.apple.product-type.bundle.ui-testing";
		};
/* End PBXNativeTarget section */

/* Begin PBXProject section */
		25D16DA82A60B68D00B585E1 /* Project object */ = {
			isa = PBXProject;
			attributes = {
				BuildIndependentTargetsInParallel = 1;
				LastSwiftUpdateCheck = 1430;
				LastUpgradeCheck = 1430;
				TargetAttributes = {
					25D16DAF2A60B68D00B585E1 = {
						CreatedOnToolsVersion = 14.3;
					};
					25D16DC52A60B69100B585E1 = {
						CreatedOnToolsVersion = 14.3;
						TestTargetID = 25D16DAF2A60B68D00B585E1;
					};
					25D16DCF2A60B69100B585E1 = {
						CreatedOnToolsVersion = 14.3;
						TestTargetID = 25D16DAF2A60B68D00B585E1;
					};
				};
			};
			buildConfigurationList = 25D16DAB2A60B68D00B585E1 /* Build configuration list for PBXProject "desafio" */;
			compatibilityVersion = "Xcode 14.0";
			developmentRegion = en;
			hasScannedForEncodings = 0;
			knownRegions = (
				en,
				Base,
			);
			mainGroup = 25D16DA72A60B68D00B585E1;
			productRefGroup = 25D16DB12A60B68D00B585E1 /* Products */;
			projectDirPath = "";
			projectRoot = "";
			targets = (
				25D16DAF2A60B68D00B585E1 /* desafio */,
				25D16DC52A60B69100B585E1 /* desafioTests */,
				25D16DCF2A60B69100B585E1 /* desafioUITests */,
			);
		};
/* End PBXProject section */

/* Begin PBXResourcesBuildPhase section */
		25D16DAE2A60B68D00B585E1 /* Resources */ = {
			isa = PBXResourcesBuildPhase;
			buildActionMask = 2147483647;
			files = (
				25D16DC02A60B69000B585E1 /* LaunchScreen.storyboard in Resources */,
				25D16DBD2A60B69000B585E1 /* Assets.xcassets in Resources */,
			);
			runOnlyForDeploymentPostprocessing = 0;
		};
		25D16DC42A60B69100B585E1 /* Resources */ = {
			isa = PBXResourcesBuildPhase;
			buildActionMask = 2147483647;
			files = (
			);
			runOnlyForDeploymentPostprocessing = 0;
		};
		25D16DCE2A60B69100B585E1 /* Resources */ = {
			isa = PBXResourcesBuildPhase;
			buildActionMask = 2147483647;
			files = (
			);
			runOnlyForDeploymentPostprocessing = 0;
		};
/* End PBXResourcesBuildPhase section */

/* Begin PBXShellScriptBuildPhase section */
		10AFBBDCCA2E89ED0A55F81D /* [CP] Embed Pods Frameworks */ = {
			isa = PBXShellScriptBuildPhase;
			buildActionMask = 2147483647;
			files = (
			);
			inputFileListPaths = (
				"${PODS_ROOT}/Target Support Files/Pods-desafio-desafioUITests/Pods-desafio-desafioUITests-frameworks-${CONFIGURATION}-input-files.xcfilelist",
			);
			name = "[CP] Embed Pods Frameworks";
			outputFileListPaths = (
				"${PODS_ROOT}/Target Support Files/Pods-desafio-desafioUITests/Pods-desafio-desafioUITests-frameworks-${CONFIGURATION}-output-files.xcfilelist",
			);
			runOnlyForDeploymentPostprocessing = 0;
			shellPath = /bin/sh;
			shellScript = "\"${PODS_ROOT}/Target Support Files/Pods-desafio-desafioUITests/Pods-desafio-desafioUITests-frameworks.sh\"\n";
			showEnvVarsInLog = 0;
		};
		AE9B7D18A8DA8A04A1B77483 /* [CP] Check Pods Manifest.lock */ = {
			isa = PBXShellScriptBuildPhase;
			buildActionMask = 2147483647;
			files = (
			);
			inputFileListPaths = (
			);
			inputPaths = (
				"${PODS_PODFILE_DIR_PATH}/Podfile.lock",
				"${PODS_ROOT}/Manifest.lock",
			);
			name = "[CP] Check Pods Manifest.lock";
			outputFileListPaths = (
			);
			outputPaths = (
				"$(DERIVED_FILE_DIR)/Pods-desafioTests-checkManifestLockResult.txt",
			);
			runOnlyForDeploymentPostprocessing = 0;
			shellPath = /bin/sh;
			shellScript = "diff \"${PODS_PODFILE_DIR_PATH}/Podfile.lock\" \"${PODS_ROOT}/Manifest.lock\" > /dev/null\nif [ $? != 0 ] ; then\n    # print error to STDERR\n    echo \"error: The sandbox is not in sync with the Podfile.lock. Run 'pod install' or update your CocoaPods installation.\" >&2\n    exit 1\nfi\n# This output is used by Xcode 'outputs' to avoid re-running this script phase.\necho \"SUCCESS\" > \"${SCRIPT_OUTPUT_FILE_0}\"\n";
			showEnvVarsInLog = 0;
		};
		BFDEA9856D435C9EAFAF3D7E /* [CP] Embed Pods Frameworks */ = {
			isa = PBXShellScriptBuildPhase;
			buildActionMask = 2147483647;
			files = (
			);
			inputFileListPaths = (
				"${PODS_ROOT}/Target Support Files/Pods-desafio/Pods-desafio-frameworks-${CONFIGURATION}-input-files.xcfilelist",
			);
			name = "[CP] Embed Pods Frameworks";
			outputFileListPaths = (
				"${PODS_ROOT}/Target Support Files/Pods-desafio/Pods-desafio-frameworks-${CONFIGURATION}-output-files.xcfilelist",
			);
			runOnlyForDeploymentPostprocessing = 0;
			shellPath = /bin/sh;
			shellScript = "\"${PODS_ROOT}/Target Support Files/Pods-desafio/Pods-desafio-frameworks.sh\"\n";
			showEnvVarsInLog = 0;
		};
		F56BE0D7D48B6A11D49E74FA /* [CP] Check Pods Manifest.lock */ = {
			isa = PBXShellScriptBuildPhase;
			buildActionMask = 2147483647;
			files = (
			);
			inputFileListPaths = (
			);
			inputPaths = (
				"${PODS_PODFILE_DIR_PATH}/Podfile.lock",
				"${PODS_ROOT}/Manifest.lock",
			);
			name = "[CP] Check Pods Manifest.lock";
			outputFileListPaths = (
			);
			outputPaths = (
				"$(DERIVED_FILE_DIR)/Pods-desafio-desafioUITests-checkManifestLockResult.txt",
			);
			runOnlyForDeploymentPostprocessing = 0;
			shellPath = /bin/sh;
			shellScript = "diff \"${PODS_PODFILE_DIR_PATH}/Podfile.lock\" \"${PODS_ROOT}/Manifest.lock\" > /dev/null\nif [ $? != 0 ] ; then\n    # print error to STDERR\n    echo \"error: The sandbox is not in sync with the Podfile.lock. Run 'pod install' or update your CocoaPods installation.\" >&2\n    exit 1\nfi\n# This output is used by Xcode 'outputs' to avoid re-running this script phase.\necho \"SUCCESS\" > \"${SCRIPT_OUTPUT_FILE_0}\"\n";
			showEnvVarsInLog = 0;
		};
		FA9D5A1D84C85AB916B6C7E5 /* [CP] Check Pods Manifest.lock */ = {
			isa = PBXShellScriptBuildPhase;
			buildActionMask = 2147483647;
			files = (
			);
			inputFileListPaths = (
			);
			inputPaths = (
				"${PODS_PODFILE_DIR_PATH}/Podfile.lock",
				"${PODS_ROOT}/Manifest.lock",
			);
			name = "[CP] Check Pods Manifest.lock";
			outputFileListPaths = (
			);
			outputPaths = (
				"$(DERIVED_FILE_DIR)/Pods-desafio-checkManifestLockResult.txt",
			);
			runOnlyForDeploymentPostprocessing = 0;
			shellPath = /bin/sh;
			shellScript = "diff \"${PODS_PODFILE_DIR_PATH}/Podfile.lock\" \"${PODS_ROOT}/Manifest.lock\" > /dev/null\nif [ $? != 0 ] ; then\n    # print error to STDERR\n    echo \"error: The sandbox is not in sync with the Podfile.lock. Run 'pod install' or update your CocoaPods installation.\" >&2\n    exit 1\nfi\n# This output is used by Xcode 'outputs' to avoid re-running this script phase.\necho \"SUCCESS\" > \"${SCRIPT_OUTPUT_FILE_0}\"\n";
			showEnvVarsInLog = 0;
		};
/* End PBXShellScriptBuildPhase section */

/* Begin PBXSourcesBuildPhase section */
		25D16DAC2A60B68D00B585E1 /* Sources */ = {
			isa = PBXSourcesBuildPhase;
			buildActionMask = 2147483647;
			files = (
				4C69F4202A774E3F0075754A /* ApiConstants.swift in Sources */,
				4C69F4122A772FF30075754A /* ComicRepository.swift in Sources */,
				4C0F439A2A735D2100704648 /* HomeViewModel.swift in Sources */,
				25D16DB42A60B68D00B585E1 /* AppDelegate.swift in Sources */,
				4C69F40E2A772F730075754A /* NetworkManager.swift in Sources */,
				250BB5222A61B355002C4113 /* ComicItem.swift in Sources */,
				4C0F43912A735BAF00704648 /* HomeView.swift in Sources */,
				4C69F41B2A7734B30075754A /* ComicDetailView.swift in Sources */,
				4C9ECF502A74A3760040E1ED /* ComicTableViewCell.swift in Sources */,
				4C0F43952A735C0F00704648 /* BaseView.swift in Sources */,
				4C0F438F2A735A8C00704648 /* HomeViewController.swift in Sources */,
				4C69F41D2A7734BB0075754A /* ComicDetailViewController.swift in Sources */,
				4C9ECF572A74A9170040E1ED /* BaseViewModel.swift in Sources */,
				4C69F4232A77549A0075754A /* ComicsRequest.swift in Sources */,
				4C0F43972A735C9700704648 /* HasCustomView.swift in Sources */,
				25D16DB62A60B68D00B585E1 /* SceneDelegate.swift in Sources */,
				4C9ECF532A74A3D20040E1ED /* CustomTableViewCell.swift in Sources */,
				4C69F4182A7731F70075754A /* ErrorResponse.swift in Sources */,
				4C9ECF592A74ACAE0040E1ED /* CustomUIViewController.swift in Sources */,
				4C69F4162A7731980075754A /* NetworkErrors.swift in Sources */,
			);
			runOnlyForDeploymentPostprocessing = 0;
		};
		25D16DC22A60B69100B585E1 /* Sources */ = {
			isa = PBXSourcesBuildPhase;
			buildActionMask = 2147483647;
			files = (
				25D16DCB2A60B69100B585E1 /* desafioTests.swift in Sources */,
			);
			runOnlyForDeploymentPostprocessing = 0;
		};
		25D16DCC2A60B69100B585E1 /* Sources */ = {
			isa = PBXSourcesBuildPhase;
			buildActionMask = 2147483647;
			files = (
				25D16DD72A60B69100B585E1 /* desafioUITestsLaunchTests.swift in Sources */,
				25D16DD52A60B69100B585E1 /* desafioUITests.swift in Sources */,
			);
			runOnlyForDeploymentPostprocessing = 0;
		};
/* End PBXSourcesBuildPhase section */

/* Begin PBXTargetDependency section */
		25D16DC82A60B69100B585E1 /* PBXTargetDependency */ = {
			isa = PBXTargetDependency;
			target = 25D16DAF2A60B68D00B585E1 /* desafio */;
			targetProxy = 25D16DC72A60B69100B585E1 /* PBXContainerItemProxy */;
		};
		25D16DD22A60B69100B585E1 /* PBXTargetDependency */ = {
			isa = PBXTargetDependency;
			target = 25D16DAF2A60B68D00B585E1 /* desafio */;
			targetProxy = 25D16DD12A60B69100B585E1 /* PBXContainerItemProxy */;
		};
/* End PBXTargetDependency section */

/* Begin PBXVariantGroup section */
		25D16DBE2A60B69000B585E1 /* LaunchScreen.storyboard */ = {
			isa = PBXVariantGroup;
			children = (
				25D16DBF2A60B69000B585E1 /* Base */,
			);
			name = LaunchScreen.storyboard;
			sourceTree = "<group>";
		};
/* End PBXVariantGroup section */

/* Begin XCBuildConfiguration section */
		25D16DD82A60B69100B585E1 /* Debug */ = {
			isa = XCBuildConfiguration;
			buildSettings = {
				ALWAYS_SEARCH_USER_PATHS = NO;
				CLANG_ANALYZER_NONNULL = YES;
				CLANG_ANALYZER_NUMBER_OBJECT_CONVERSION = YES_AGGRESSIVE;
				CLANG_CXX_LANGUAGE_STANDARD = "gnu++20";
				CLANG_ENABLE_MODULES = YES;
				CLANG_ENABLE_OBJC_ARC = YES;
				CLANG_ENABLE_OBJC_WEAK = YES;
				CLANG_WARN_BLOCK_CAPTURE_AUTORELEASING = YES;
				CLANG_WARN_BOOL_CONVERSION = YES;
				CLANG_WARN_COMMA = YES;
				CLANG_WARN_CONSTANT_CONVERSION = YES;
				CLANG_WARN_DEPRECATED_OBJC_IMPLEMENTATIONS = YES;
				CLANG_WARN_DIRECT_OBJC_ISA_USAGE = YES_ERROR;
				CLANG_WARN_DOCUMENTATION_COMMENTS = YES;
				CLANG_WARN_EMPTY_BODY = YES;
				CLANG_WARN_ENUM_CONVERSION = YES;
				CLANG_WARN_INFINITE_RECURSION = YES;
				CLANG_WARN_INT_CONVERSION = YES;
				CLANG_WARN_NON_LITERAL_NULL_CONVERSION = YES;
				CLANG_WARN_OBJC_IMPLICIT_RETAIN_SELF = YES;
				CLANG_WARN_OBJC_LITERAL_CONVERSION = YES;
				CLANG_WARN_OBJC_ROOT_CLASS = YES_ERROR;
				CLANG_WARN_QUOTED_INCLUDE_IN_FRAMEWORK_HEADER = YES;
				CLANG_WARN_RANGE_LOOP_ANALYSIS = YES;
				CLANG_WARN_STRICT_PROTOTYPES = YES;
				CLANG_WARN_SUSPICIOUS_MOVE = YES;
				CLANG_WARN_UNGUARDED_AVAILABILITY = YES_AGGRESSIVE;
				CLANG_WARN_UNREACHABLE_CODE = YES;
				CLANG_WARN__DUPLICATE_METHOD_MATCH = YES;
				COPY_PHASE_STRIP = NO;
				DEBUG_INFORMATION_FORMAT = dwarf;
				ENABLE_STRICT_OBJC_MSGSEND = YES;
				ENABLE_TESTABILITY = YES;
				GCC_C_LANGUAGE_STANDARD = gnu11;
				GCC_DYNAMIC_NO_PIC = NO;
				GCC_NO_COMMON_BLOCKS = YES;
				GCC_OPTIMIZATION_LEVEL = 0;
				GCC_PREPROCESSOR_DEFINITIONS = (
					"DEBUG=1",
					"$(inherited)",
				);
				GCC_WARN_64_TO_32_BIT_CONVERSION = YES;
				GCC_WARN_ABOUT_RETURN_TYPE = YES_ERROR;
				GCC_WARN_UNDECLARED_SELECTOR = YES;
				GCC_WARN_UNINITIALIZED_AUTOS = YES_AGGRESSIVE;
				GCC_WARN_UNUSED_FUNCTION = YES;
				GCC_WARN_UNUSED_VARIABLE = YES;
				IPHONEOS_DEPLOYMENT_TARGET = 16.4;
				MTL_ENABLE_DEBUG_INFO = INCLUDE_SOURCE;
				MTL_FAST_MATH = YES;
				ONLY_ACTIVE_ARCH = YES;
				SDKROOT = iphoneos;
				SWIFT_ACTIVE_COMPILATION_CONDITIONS = DEBUG;
				SWIFT_OPTIMIZATION_LEVEL = "-Onone";
			};
			name = Debug;
		};
		25D16DD92A60B69100B585E1 /* Release */ = {
			isa = XCBuildConfiguration;
			buildSettings = {
				ALWAYS_SEARCH_USER_PATHS = NO;
				CLANG_ANALYZER_NONNULL = YES;
				CLANG_ANALYZER_NUMBER_OBJECT_CONVERSION = YES_AGGRESSIVE;
				CLANG_CXX_LANGUAGE_STANDARD = "gnu++20";
				CLANG_ENABLE_MODULES = YES;
				CLANG_ENABLE_OBJC_ARC = YES;
				CLANG_ENABLE_OBJC_WEAK = YES;
				CLANG_WARN_BLOCK_CAPTURE_AUTORELEASING = YES;
				CLANG_WARN_BOOL_CONVERSION = YES;
				CLANG_WARN_COMMA = YES;
				CLANG_WARN_CONSTANT_CONVERSION = YES;
				CLANG_WARN_DEPRECATED_OBJC_IMPLEMENTATIONS = YES;
				CLANG_WARN_DIRECT_OBJC_ISA_USAGE = YES_ERROR;
				CLANG_WARN_DOCUMENTATION_COMMENTS = YES;
				CLANG_WARN_EMPTY_BODY = YES;
				CLANG_WARN_ENUM_CONVERSION = YES;
				CLANG_WARN_INFINITE_RECURSION = YES;
				CLANG_WARN_INT_CONVERSION = YES;
				CLANG_WARN_NON_LITERAL_NULL_CONVERSION = YES;
				CLANG_WARN_OBJC_IMPLICIT_RETAIN_SELF = YES;
				CLANG_WARN_OBJC_LITERAL_CONVERSION = YES;
				CLANG_WARN_OBJC_ROOT_CLASS = YES_ERROR;
				CLANG_WARN_QUOTED_INCLUDE_IN_FRAMEWORK_HEADER = YES;
				CLANG_WARN_RANGE_LOOP_ANALYSIS = YES;
				CLANG_WARN_STRICT_PROTOTYPES = YES;
				CLANG_WARN_SUSPICIOUS_MOVE = YES;
				CLANG_WARN_UNGUARDED_AVAILABILITY = YES_AGGRESSIVE;
				CLANG_WARN_UNREACHABLE_CODE = YES;
				CLANG_WARN__DUPLICATE_METHOD_MATCH = YES;
				COPY_PHASE_STRIP = NO;
				DEBUG_INFORMATION_FORMAT = "dwarf-with-dsym";
				ENABLE_NS_ASSERTIONS = NO;
				ENABLE_STRICT_OBJC_MSGSEND = YES;
				GCC_C_LANGUAGE_STANDARD = gnu11;
				GCC_NO_COMMON_BLOCKS = YES;
				GCC_WARN_64_TO_32_BIT_CONVERSION = YES;
				GCC_WARN_ABOUT_RETURN_TYPE = YES_ERROR;
				GCC_WARN_UNDECLARED_SELECTOR = YES;
				GCC_WARN_UNINITIALIZED_AUTOS = YES_AGGRESSIVE;
				GCC_WARN_UNUSED_FUNCTION = YES;
				GCC_WARN_UNUSED_VARIABLE = YES;
				IPHONEOS_DEPLOYMENT_TARGET = 16.4;
				MTL_ENABLE_DEBUG_INFO = NO;
				MTL_FAST_MATH = YES;
				SDKROOT = iphoneos;
				SWIFT_COMPILATION_MODE = wholemodule;
				SWIFT_OPTIMIZATION_LEVEL = "-O";
				VALIDATE_PRODUCT = YES;
			};
			name = Release;
		};
		25D16DDB2A60B69100B585E1 /* Debug */ = {
			isa = XCBuildConfiguration;
			baseConfigurationReference = 7011B0C3651ACA285DD12FD3 /* Pods-desafio.debug.xcconfig */;
			buildSettings = {
				ASSETCATALOG_COMPILER_APPICON_NAME = AppIcon;
				ASSETCATALOG_COMPILER_GLOBAL_ACCENT_COLOR_NAME = AccentColor;
				CODE_SIGN_IDENTITY = "Apple Development";
				CODE_SIGN_STYLE = Automatic;
				CURRENT_PROJECT_VERSION = 1;
				DEVELOPMENT_TEAM = "";
				GENERATE_INFOPLIST_FILE = YES;
				INFOPLIST_FILE = desafio/Resources/Info.plist;
				INFOPLIST_KEY_UIApplicationSupportsIndirectInputEvents = YES;
				INFOPLIST_KEY_UILaunchStoryboardName = LaunchScreen;
				INFOPLIST_KEY_UISupportedInterfaceOrientations_iPad = "UIInterfaceOrientationPortrait UIInterfaceOrientationPortraitUpsideDown UIInterfaceOrientationLandscapeLeft UIInterfaceOrientationLandscapeRight";
				INFOPLIST_KEY_UISupportedInterfaceOrientations_iPhone = "UIInterfaceOrientationPortrait UIInterfaceOrientationLandscapeLeft UIInterfaceOrientationLandscapeRight";
				LD_RUNPATH_SEARCH_PATHS = (
					"$(inherited)",
					"@executable_path/Frameworks",
				);
				MARKETING_VERSION = 1.0;
				PRODUCT_BUNDLE_IDENTIFIER = zig.fun.desafio;
				PRODUCT_NAME = "$(TARGET_NAME)";
				PROVISIONING_PROFILE_SPECIFIER = "";
				SWIFT_EMIT_LOC_STRINGS = YES;
				SWIFT_VERSION = 5.0;
				TARGETED_DEVICE_FAMILY = "1,2";
			};
			name = Debug;
		};
		25D16DDC2A60B69100B585E1 /* Release */ = {
			isa = XCBuildConfiguration;
			baseConfigurationReference = 30157792752E6C7B83CF35B4 /* Pods-desafio.release.xcconfig */;
			buildSettings = {
				ASSETCATALOG_COMPILER_APPICON_NAME = AppIcon;
				ASSETCATALOG_COMPILER_GLOBAL_ACCENT_COLOR_NAME = AccentColor;
				CODE_SIGN_IDENTITY = "Apple Development";
				CODE_SIGN_STYLE = Automatic;
				CURRENT_PROJECT_VERSION = 1;
				DEVELOPMENT_TEAM = "";
				GENERATE_INFOPLIST_FILE = YES;
				INFOPLIST_FILE = desafio/Resources/Info.plist;
				INFOPLIST_KEY_UIApplicationSupportsIndirectInputEvents = YES;
				INFOPLIST_KEY_UILaunchStoryboardName = LaunchScreen;
				INFOPLIST_KEY_UISupportedInterfaceOrientations_iPad = "UIInterfaceOrientationPortrait UIInterfaceOrientationPortraitUpsideDown UIInterfaceOrientationLandscapeLeft UIInterfaceOrientationLandscapeRight";
				INFOPLIST_KEY_UISupportedInterfaceOrientations_iPhone = "UIInterfaceOrientationPortrait UIInterfaceOrientationLandscapeLeft UIInterfaceOrientationLandscapeRight";
				LD_RUNPATH_SEARCH_PATHS = (
					"$(inherited)",
					"@executable_path/Frameworks",
				);
				MARKETING_VERSION = 1.0;
				PRODUCT_BUNDLE_IDENTIFIER = zig.fun.desafio;
				PRODUCT_NAME = "$(TARGET_NAME)";
				PROVISIONING_PROFILE_SPECIFIER = "";
				SWIFT_EMIT_LOC_STRINGS = YES;
				SWIFT_VERSION = 5.0;
				TARGETED_DEVICE_FAMILY = "1,2";
			};
			name = Release;
		};
		25D16DDE2A60B69100B585E1 /* Debug */ = {
			isa = XCBuildConfiguration;
			baseConfigurationReference = D795883C129CD5833FD7B7F8 /* Pods-desafioTests.debug.xcconfig */;
			buildSettings = {
				ALWAYS_EMBED_SWIFT_STANDARD_LIBRARIES = YES;
				BUNDLE_LOADER = "$(TEST_HOST)";
				CODE_SIGN_STYLE = Automatic;
				CURRENT_PROJECT_VERSION = 1;
				GENERATE_INFOPLIST_FILE = YES;
				IPHONEOS_DEPLOYMENT_TARGET = 16.4;
				MARKETING_VERSION = 1.0;
				PRODUCT_BUNDLE_IDENTIFIER = zig.fun.desafioTests;
				PRODUCT_NAME = "$(TARGET_NAME)";
				SWIFT_EMIT_LOC_STRINGS = NO;
				SWIFT_VERSION = 5.0;
				TARGETED_DEVICE_FAMILY = "1,2";
				TEST_HOST = "$(BUILT_PRODUCTS_DIR)/desafio.app/$(BUNDLE_EXECUTABLE_FOLDER_PATH)/desafio";
			};
			name = Debug;
		};
		25D16DDF2A60B69100B585E1 /* Release */ = {
			isa = XCBuildConfiguration;
			baseConfigurationReference = 341DBBE907A79E978D7732FB /* Pods-desafioTests.release.xcconfig */;
			buildSettings = {
				ALWAYS_EMBED_SWIFT_STANDARD_LIBRARIES = YES;
				BUNDLE_LOADER = "$(TEST_HOST)";
				CODE_SIGN_STYLE = Automatic;
				CURRENT_PROJECT_VERSION = 1;
				GENERATE_INFOPLIST_FILE = YES;
				IPHONEOS_DEPLOYMENT_TARGET = 16.4;
				MARKETING_VERSION = 1.0;
				PRODUCT_BUNDLE_IDENTIFIER = zig.fun.desafioTests;
				PRODUCT_NAME = "$(TARGET_NAME)";
				SWIFT_EMIT_LOC_STRINGS = NO;
				SWIFT_VERSION = 5.0;
				TARGETED_DEVICE_FAMILY = "1,2";
				TEST_HOST = "$(BUILT_PRODUCTS_DIR)/desafio.app/$(BUNDLE_EXECUTABLE_FOLDER_PATH)/desafio";
			};
			name = Release;
		};
		25D16DE12A60B69100B585E1 /* Debug */ = {
			isa = XCBuildConfiguration;
			baseConfigurationReference = 7E2A9FE256255DCAE959EB03 /* Pods-desafio-desafioUITests.debug.xcconfig */;
			buildSettings = {
				ALWAYS_EMBED_SWIFT_STANDARD_LIBRARIES = YES;
				CODE_SIGN_STYLE = Automatic;
				CURRENT_PROJECT_VERSION = 1;
				GENERATE_INFOPLIST_FILE = YES;
				MARKETING_VERSION = 1.0;
				PRODUCT_BUNDLE_IDENTIFIER = zig.fun.desafioUITests;
				PRODUCT_NAME = "$(TARGET_NAME)";
				SWIFT_EMIT_LOC_STRINGS = NO;
				SWIFT_VERSION = 5.0;
				TARGETED_DEVICE_FAMILY = "1,2";
				TEST_TARGET_NAME = desafio;
			};
			name = Debug;
		};
		25D16DE22A60B69100B585E1 /* Release */ = {
			isa = XCBuildConfiguration;
			baseConfigurationReference = CC711E0B32EF1D4108E6794F /* Pods-desafio-desafioUITests.release.xcconfig */;
			buildSettings = {
				ALWAYS_EMBED_SWIFT_STANDARD_LIBRARIES = YES;
				CODE_SIGN_STYLE = Automatic;
				CURRENT_PROJECT_VERSION = 1;
				GENERATE_INFOPLIST_FILE = YES;
				MARKETING_VERSION = 1.0;
				PRODUCT_BUNDLE_IDENTIFIER = zig.fun.desafioUITests;
				PRODUCT_NAME = "$(TARGET_NAME)";
				SWIFT_EMIT_LOC_STRINGS = NO;
				SWIFT_VERSION = 5.0;
				TARGETED_DEVICE_FAMILY = "1,2";
				TEST_TARGET_NAME = desafio;
			};
			name = Release;
		};
/* End XCBuildConfiguration section */

/* Begin XCConfigurationList section */
		25D16DAB2A60B68D00B585E1 /* Build configuration list for PBXProject "desafio" */ = {
			isa = XCConfigurationList;
			buildConfigurations = (
				25D16DD82A60B69100B585E1 /* Debug */,
				25D16DD92A60B69100B585E1 /* Release */,
			);
			defaultConfigurationIsVisible = 0;
			defaultConfigurationName = Release;
		};
		25D16DDA2A60B69100B585E1 /* Build configuration list for PBXNativeTarget "desafio" */ = {
			isa = XCConfigurationList;
			buildConfigurations = (
				25D16DDB2A60B69100B585E1 /* Debug */,
				25D16DDC2A60B69100B585E1 /* Release */,
			);
			defaultConfigurationIsVisible = 0;
			defaultConfigurationName = Release;
		};
		25D16DDD2A60B69100B585E1 /* Build configuration list for PBXNativeTarget "desafioTests" */ = {
			isa = XCConfigurationList;
			buildConfigurations = (
				25D16DDE2A60B69100B585E1 /* Debug */,
				25D16DDF2A60B69100B585E1 /* Release */,
			);
			defaultConfigurationIsVisible = 0;
			defaultConfigurationName = Release;
		};
		25D16DE02A60B69100B585E1 /* Build configuration list for PBXNativeTarget "desafioUITests" */ = {
			isa = XCConfigurationList;
			buildConfigurations = (
				25D16DE12A60B69100B585E1 /* Debug */,
				25D16DE22A60B69100B585E1 /* Release */,
			);
			defaultConfigurationIsVisible = 0;
			defaultConfigurationName = Release;
		};
/* End XCConfigurationList section */
	};
	rootObject = 25D16DA82A60B68D00B585E1 /* Project object */;
}
